
Microsoft Visual Studio Solution File, Format Version 12.00
# Visual Studio 15
VisualStudioVersion = 15.0.28307.271
MinimumVisualStudioVersion = 10.0.40219.1
Project("{FAE04EC0-301F-11D3-BF4B-00C04F79EFBC}") = "D3Tool", "D3Tool\D3Tool.csproj", "{5DC46CAA-15E7-4E57-922A-A77F6AD938AC}"
EndProject
Global
	GlobalSection(SolutionConfigurationPlatforms) = preSolution
		Debug|Any CPU = Debug|Any CPU
		Release|Any CPU = Release|Any CPU
	EndGlobalSection
	GlobalSection(ProjectConfigurationPlatforms) = postSolution
		{5DC46CAA-15E7-4E57-922A-A77F6AD938AC}.Debug|Any CPU.ActiveCfg = Debug|Any CPU
		{5DC46CAA-15E7-4E57-922A-A77F6AD938AC}.Debug|Any CPU.Build.0 = Debug|Any CPU
		{5DC46CAA-15E7-4E57-922A-A77F6AD938AC}.Release|Any CPU.ActiveCfg = Release|Any CPU
		{5DC46CAA-15E7-4E57-922A-A77F6AD938AC}.Release|Any CPU.Build.0 = Release|Any CPU
	EndGlobalSection
	GlobalSection(SolutionProperties) = preSolution
		HideSolutionNode = FALSE
	EndGlobalSection
	GlobalSection(ExtensibilityGlobals) = postSolution
		SolutionGuid = {B6A4C5B0-88A4-4068-AECB-8DFCFDB46274}
	EndGlobalSection
EndGlobal
