
Microsoft Visual Studio Solution File, Format Version 12.00
# Visual Studio Version 17
VisualStudioVersion = 17.4.33110.190
MinimumVisualStudioVersion = 10.0.40219.1
Project("{2150E333-8FDC-42A3-9474-1A3956D46DE8}") = "解决方案项", "解决方案项", "{277C282A-4188-495B-B3F2-C23F6185D074}"
	ProjectSection(SolutionItems) = preProject
		.gitignore = .gitignore
		..\..\..\Desktop\DmSoft.cs = ..\..\..\Desktop\DmSoft.cs
	EndProjectSection
EndProject
Project("{9A19103F-16F7-4668-BE54-9A1E7A4F7556}") = "DMTools", "DMTools\DMTools.csproj", "{72389F3B-08C5-4C78-8B4C-420769D6A4DB}"
EndProject
Project("{2150E333-8FDC-42A3-9474-1A3956D46DE8}") = "Solution Items", "Solution Items", "{ADF2ED15-EDEC-4F30-A085-9917CFC3F30A}"
	ProjectSection(SolutionItems) = preProject
		.editorconfig = .editorconfig
	EndProjectSection
EndProject
Project("{9A19103F-16F7-4668-BE54-9A1E7A4F7556}") = "Yolov5Net.Scorer", "Yolov5Net.Scorer\Yolov5Net.Scorer.csproj", "{6777B377-C7F9-46A2-8797-CD7DC80D8B3C}"
EndProject
Global
	GlobalSection(SolutionConfigurationPlatforms) = preSolution
		Debug|Any CPU = Debug|Any CPU
		Debug|ARM = Debug|ARM
		Debug|ARM64 = Debug|ARM64
		Debug|x64 = Debug|x64
		Debug|x86 = Debug|x86
		Release|Any CPU = Release|Any CPU
		Release|ARM = Release|ARM
		Release|ARM64 = Release|ARM64
		Release|x64 = Release|x64
		Release|x86 = Release|x86
	EndGlobalSection
	GlobalSection(ProjectConfigurationPlatforms) = postSolution
		{72389F3B-08C5-4C78-8B4C-420769D6A4DB}.Debug|Any CPU.ActiveCfg = Debug|Any CPU
		{72389F3B-08C5-4C78-8B4C-420769D6A4DB}.Debug|Any CPU.Build.0 = Debug|Any CPU
		{72389F3B-08C5-4C78-8B4C-420769D6A4DB}.Debug|ARM.ActiveCfg = Debug|Any CPU
		{72389F3B-08C5-4C78-8B4C-420769D6A4DB}.Debug|ARM.Build.0 = Debug|Any CPU
		{72389F3B-08C5-4C78-8B4C-420769D6A4DB}.Debug|ARM64.ActiveCfg = Debug|Any CPU
		{72389F3B-08C5-4C78-8B4C-420769D6A4DB}.Debug|ARM64.Build.0 = Debug|Any CPU
		{72389F3B-08C5-4C78-8B4C-420769D6A4DB}.Debug|x64.ActiveCfg = Debug|x64
		{72389F3B-08C5-4C78-8B4C-420769D6A4DB}.Debug|x64.Build.0 = Debug|x64
		{72389F3B-08C5-4C78-8B4C-420769D6A4DB}.Debug|x86.ActiveCfg = Debug|x86
		{72389F3B-08C5-4C78-8B4C-420769D6A4DB}.Debug|x86.Build.0 = Debug|x86
		{72389F3B-08C5-4C78-8B4C-420769D6A4DB}.Release|Any CPU.ActiveCfg = Release|Any CPU
		{72389F3B-08C5-4C78-8B4C-420769D6A4DB}.Release|Any CPU.Build.0 = Release|Any CPU
		{72389F3B-08C5-4C78-8B4C-420769D6A4DB}.Release|ARM.ActiveCfg = Release|Any CPU
		{72389F3B-08C5-4C78-8B4C-420769D6A4DB}.Release|ARM.Build.0 = Release|Any CPU
		{72389F3B-08C5-4C78-8B4C-420769D6A4DB}.Release|ARM64.ActiveCfg = Release|Any CPU
		{72389F3B-08C5-4C78-8B4C-420769D6A4DB}.Release|ARM64.Build.0 = Release|Any CPU
		{72389F3B-08C5-4C78-8B4C-420769D6A4DB}.Release|x64.ActiveCfg = Release|x64
		{72389F3B-08C5-4C78-8B4C-420769D6A4DB}.Release|x64.Build.0 = Release|x64
		{72389F3B-08C5-4C78-8B4C-420769D6A4DB}.Release|x86.ActiveCfg = Release|x86
		{72389F3B-08C5-4C78-8B4C-420769D6A4DB}.Release|x86.Build.0 = Release|x86
		{6777B377-C7F9-46A2-8797-CD7DC80D8B3C}.Debug|Any CPU.ActiveCfg = Debug|Any CPU
		{6777B377-C7F9-46A2-8797-CD7DC80D8B3C}.Debug|Any CPU.Build.0 = Debug|Any CPU
		{6777B377-C7F9-46A2-8797-CD7DC80D8B3C}.Debug|ARM.ActiveCfg = Debug|Any CPU
		{6777B377-C7F9-46A2-8797-CD7DC80D8B3C}.Debug|ARM.Build.0 = Debug|Any CPU
		{6777B377-C7F9-46A2-8797-CD7DC80D8B3C}.Debug|ARM64.ActiveCfg = Debug|Any CPU
		{6777B377-C7F9-46A2-8797-CD7DC80D8B3C}.Debug|ARM64.Build.0 = Debug|Any CPU
		{6777B377-C7F9-46A2-8797-CD7DC80D8B3C}.Debug|x64.ActiveCfg = Debug|Any CPU
		{6777B377-C7F9-46A2-8797-CD7DC80D8B3C}.Debug|x64.Build.0 = Debug|Any CPU
		{6777B377-C7F9-46A2-8797-CD7DC80D8B3C}.Debug|x86.ActiveCfg = Debug|Any CPU
		{6777B377-C7F9-46A2-8797-CD7DC80D8B3C}.Debug|x86.Build.0 = Debug|Any CPU
		{6777B377-C7F9-46A2-8797-CD7DC80D8B3C}.Release|Any CPU.ActiveCfg = Release|Any CPU
		{6777B377-C7F9-46A2-8797-CD7DC80D8B3C}.Release|Any CPU.Build.0 = Release|Any CPU
		{6777B377-C7F9-46A2-8797-CD7DC80D8B3C}.Release|ARM.ActiveCfg = Release|Any CPU
		{6777B377-C7F9-46A2-8797-CD7DC80D8B3C}.Release|ARM.Build.0 = Release|Any CPU
		{6777B377-C7F9-46A2-8797-CD7DC80D8B3C}.Release|ARM64.ActiveCfg = Release|Any CPU
		{6777B377-C7F9-46A2-8797-CD7DC80D8B3C}.Release|ARM64.Build.0 = Release|Any CPU
		{6777B377-C7F9-46A2-8797-CD7DC80D8B3C}.Release|x64.ActiveCfg = Release|Any CPU
		{6777B377-C7F9-46A2-8797-CD7DC80D8B3C}.Release|x64.Build.0 = Release|Any CPU
		{6777B377-C7F9-46A2-8797-CD7DC80D8B3C}.Release|x86.ActiveCfg = Release|Any CPU
		{6777B377-C7F9-46A2-8797-CD7DC80D8B3C}.Release|x86.Build.0 = Release|Any CPU
	EndGlobalSection
	GlobalSection(SolutionProperties) = preSolution
		HideSolutionNode = FALSE
	EndGlobalSection
	GlobalSection(ExtensibilityGlobals) = postSolution
		SolutionGuid = {B6A4C5B0-88A4-4068-AECB-8DFCFDB46274}
	EndGlobalSection
EndGlobal
